// !$*UTF8*$!
{
	archiveVersion = 1;
	classes = {
	};
	objectVersion = 50;
	objects = {

/* Begin PBXBuildFile section */
		6CC0AF76243C92BE00A31751 /* AppDelegate.swift in Sources */ = {isa = PBXBuildFile; fileRef = 6CC0AF75243C92BE00A31751 /* AppDelegate.swift */; };
		6CC0AF78243C92BE00A31751 /* SceneDelegate.swift in Sources */ = {isa = PBXBuildFile; fileRef = 6CC0AF77243C92BE00A31751 /* SceneDelegate.swift */; };
		6CC0AF7A243C92BE00A31751 /* MasterViewController.swift in Sources */ = {isa = PBXBuildFile; fileRef = 6CC0AF79243C92BE00A31751 /* MasterViewController.swift */; };
		6CC0AF7C243C92BE00A31751 /* DetailViewController.swift in Sources */ = {isa = PBXBuildFile; fileRef = 6CC0AF7B243C92BE00A31751 /* DetailViewController.swift */; };
		6CC0AF7F243C92BE00A31751 /* Main.storyboard in Resources */ = {isa = PBXBuildFile; fileRef = 6CC0AF7D243C92BE00A31751 /* Main.storyboard */; };
		6CC0AF81243C92BF00A31751 /* Assets.xcassets in Resources */ = {isa = PBXBuildFile; fileRef = 6CC0AF80243C92BF00A31751 /* Assets.xcassets */; };
		6CC0AF84243C92BF00A31751 /* LaunchScreen.storyboard in Resources */ = {isa = PBXBuildFile; fileRef = 6CC0AF82243C92BF00A31751 /* LaunchScreen.storyboard */; };
		6CDDA933243CF921007C20C7 /* API.swift in Sources */ = {isa = PBXBuildFile; fileRef = 6CDDA932243CF921007C20C7 /* API.swift */; };
		6CDDA948243CFA24007C20C7 /* RxMoya.framework in Frameworks */ = {isa = PBXBuildFile; fileRef = 6CDDA941243CFA23007C20C7 /* RxMoya.framework */; };
		6CDDA94A243CFA24007C20C7 /* RxSwift.framework in Frameworks */ = {isa = PBXBuildFile; fileRef = 6CDDA942243CFA23007C20C7 /* RxSwift.framework */; };
		6CDDA94C243CFA24007C20C7 /* RxCocoa.framework in Frameworks */ = {isa = PBXBuildFile; fileRef = 6CDDA943243CFA23007C20C7 /* RxCocoa.framework */; };
		6CDDA94E243CFA24007C20C7 /* RxDataSources.framework in Frameworks */ = {isa = PBXBuildFile; fileRef = 6CDDA944243CFA23007C20C7 /* RxDataSources.framework */; };
		6CDDA950243CFA24007C20C7 /* RxTest.framework in Frameworks */ = {isa = PBXBuildFile; fileRef = 6CDDA945243CFA24007C20C7 /* RxTest.framework */; };
		6CDDA952243CFA24007C20C7 /* RxRelay.framework in Frameworks */ = {isa = PBXBuildFile; fileRef = 6CDDA946243CFA24007C20C7 /* RxRelay.framework */; };
		6CDDA954243CFA24007C20C7 /* RxNuke.framework in Frameworks */ = {isa = PBXBuildFile; fileRef = 6CDDA947243CFA24007C20C7 /* RxNuke.framework */; };
		6CDDA958243CFD10007C20C7 /* ServiceManager.swift in Sources */ = {isa = PBXBuildFile; fileRef = 6CDDA957243CFD10007C20C7 /* ServiceManager.swift */; };
		6CDDA95B243CFDDA007C20C7 /* APIResult.swift in Sources */ = {isa = PBXBuildFile; fileRef = 6CDDA95A243CFDDA007C20C7 /* APIResult.swift */; };
		6CDDA95D243CFDF9007C20C7 /* APIError.swift in Sources */ = {isa = PBXBuildFile; fileRef = 6CDDA95C243CFDF9007C20C7 /* APIError.swift */; };
		6CDDA962243D0375007C20C7 /* Movie.swift in Sources */ = {isa = PBXBuildFile; fileRef = 6CDDA961243D0375007C20C7 /* Movie.swift */; };
/* End PBXBuildFile section */

/* Begin PBXFileReference section */
		6CC0AF72243C92BE00A31751 /* FriendlyUnicorn.app */ = {isa = PBXFileReference; explicitFileType = wrapper.application; includeInIndex = 0; path = FriendlyUnicorn.app; sourceTree = BUILT_PRODUCTS_DIR; };
		6CC0AF75243C92BE00A31751 /* AppDelegate.swift */ = {isa = PBXFileReference; lastKnownFileType = sourcecode.swift; path = AppDelegate.swift; sourceTree = "<group>"; };
		6CC0AF77243C92BE00A31751 /* SceneDelegate.swift */ = {isa = PBXFileReference; lastKnownFileType = sourcecode.swift; path = SceneDelegate.swift; sourceTree = "<group>"; };
		6CC0AF79243C92BE00A31751 /* MasterViewController.swift */ = {isa = PBXFileReference; lastKnownFileType = sourcecode.swift; path = MasterViewController.swift; sourceTree = "<group>"; };
		6CC0AF7B243C92BE00A31751 /* DetailViewController.swift */ = {isa = PBXFileReference; lastKnownFileType = sourcecode.swift; path = DetailViewController.swift; sourceTree = "<group>"; };
		6CC0AF7E243C92BE00A31751 /* Base */ = {isa = PBXFileReference; lastKnownFileType = file.storyboard; name = Base; path = Base.lproj/Main.storyboard; sourceTree = "<group>"; };
		6CC0AF80243C92BF00A31751 /* Assets.xcassets */ = {isa = PBXFileReference; lastKnownFileType = folder.assetcatalog; path = Assets.xcassets; sourceTree = "<group>"; };
		6CC0AF83243C92BF00A31751 /* Base */ = {isa = PBXFileReference; lastKnownFileType = file.storyboard; name = Base; path = Base.lproj/LaunchScreen.storyboard; sourceTree = "<group>"; };
		6CC0AF85243C92BF00A31751 /* Info.plist */ = {isa = PBXFileReference; lastKnownFileType = text.plist.xml; path = Info.plist; sourceTree = "<group>"; };
		6CDDA932243CF921007C20C7 /* API.swift */ = {isa = PBXFileReference; lastKnownFileType = sourcecode.swift; path = API.swift; sourceTree = "<group>"; };
		6CDDA935243CF981007C20C7 /* RxSwift.framework.dSYM */ = {isa = PBXFileReference; lastKnownFileType = wrapper.dsym; name = RxSwift.framework.dSYM; path = Carthage/Build/iOS/RxSwift.framework.dSYM; sourceTree = "<group>"; };
		6CDDA936243CF981007C20C7 /* RxNuke.framework.dSYM */ = {isa = PBXFileReference; lastKnownFileType = wrapper.dsym; name = RxNuke.framework.dSYM; path = Carthage/Build/iOS/RxNuke.framework.dSYM; sourceTree = "<group>"; };
		6CDDA937243CF981007C20C7 /* RxMoya.framework.dSYM */ = {isa = PBXFileReference; lastKnownFileType = wrapper.dsym; name = RxMoya.framework.dSYM; path = Carthage/Build/iOS/RxMoya.framework.dSYM; sourceTree = "<group>"; };
		6CDDA938243CF982007C20C7 /* RxCocoa.framework.dSYM */ = {isa = PBXFileReference; lastKnownFileType = wrapper.dsym; name = RxCocoa.framework.dSYM; path = Carthage/Build/iOS/RxCocoa.framework.dSYM; sourceTree = "<group>"; };
		6CDDA939243CF982007C20C7 /* RxRelay.framework.dSYM */ = {isa = PBXFileReference; lastKnownFileType = wrapper.dsym; name = RxRelay.framework.dSYM; path = Carthage/Build/iOS/RxRelay.framework.dSYM; sourceTree = "<group>"; };
		6CDDA93A243CF982007C20C7 /* RxDataSources.framework.dSYM */ = {isa = PBXFileReference; lastKnownFileType = wrapper.dsym; name = RxDataSources.framework.dSYM; path = Carthage/Build/iOS/RxDataSources.framework.dSYM; sourceTree = "<group>"; };
		6CDDA941243CFA23007C20C7 /* RxMoya.framework */ = {isa = PBXFileReference; lastKnownFileType = wrapper.framework; name = RxMoya.framework; path = Carthage/Build/iOS/RxMoya.framework; sourceTree = "<group>"; };
		6CDDA942243CFA23007C20C7 /* RxSwift.framework */ = {isa = PBXFileReference; lastKnownFileType = wrapper.framework; name = RxSwift.framework; path = Carthage/Build/iOS/RxSwift.framework; sourceTree = "<group>"; };
		6CDDA943243CFA23007C20C7 /* RxCocoa.framework */ = {isa = PBXFileReference; lastKnownFileType = wrapper.framework; name = RxCocoa.framework; path = Carthage/Build/iOS/RxCocoa.framework; sourceTree = "<group>"; };
		6CDDA944243CFA23007C20C7 /* RxDataSources.framework */ = {isa = PBXFileReference; lastKnownFileType = wrapper.framework; name = RxDataSources.framework; path = Carthage/Build/iOS/RxDataSources.framework; sourceTree = "<group>"; };
		6CDDA945243CFA24007C20C7 /* RxTest.framework */ = {isa = PBXFileReference; lastKnownFileType = wrapper.framework; name = RxTest.framework; path = Carthage/Build/iOS/RxTest.framework; sourceTree = "<group>"; };
		6CDDA946243CFA24007C20C7 /* RxRelay.framework */ = {isa = PBXFileReference; lastKnownFileType = wrapper.framework; name = RxRelay.framework; path = Carthage/Build/iOS/RxRelay.framework; sourceTree = "<group>"; };
		6CDDA947243CFA24007C20C7 /* RxNuke.framework */ = {isa = PBXFileReference; lastKnownFileType = wrapper.framework; name = RxNuke.framework; path = Carthage/Build/iOS/RxNuke.framework; sourceTree = "<group>"; };
		6CDDA957243CFD10007C20C7 /* ServiceManager.swift */ = {isa = PBXFileReference; lastKnownFileType = sourcecode.swift; path = ServiceManager.swift; sourceTree = "<group>"; };
		6CDDA95A243CFDDA007C20C7 /* APIResult.swift */ = {isa = PBXFileReference; lastKnownFileType = sourcecode.swift; path = APIResult.swift; sourceTree = "<group>"; };
		6CDDA95C243CFDF9007C20C7 /* APIError.swift */ = {isa = PBXFileReference; lastKnownFileType = sourcecode.swift; path = APIError.swift; sourceTree = "<group>"; };
		6CDDA961243D0375007C20C7 /* Movie.swift */ = {isa = PBXFileReference; lastKnownFileType = sourcecode.swift; path = Movie.swift; sourceTree = "<group>"; };
/* End PBXFileReference section */

/* Begin PBXFrameworksBuildPhase section */
		6CC0AF6F243C92BE00A31751 /* Frameworks */ = {
			isa = PBXFrameworksBuildPhase;
			buildActionMask = 2147483647;
			files = (
				6CDDA94C243CFA24007C20C7 /* RxCocoa.framework in Frameworks */,
				6CDDA954243CFA24007C20C7 /* RxNuke.framework in Frameworks */,
				6CDDA94A243CFA24007C20C7 /* RxSwift.framework in Frameworks */,
				6CDDA952243CFA24007C20C7 /* RxRelay.framework in Frameworks */,
				6CDDA948243CFA24007C20C7 /* RxMoya.framework in Frameworks */,
				6CDDA950243CFA24007C20C7 /* RxTest.framework in Frameworks */,
				6CDDA94E243CFA24007C20C7 /* RxDataSources.framework in Frameworks */,
			);
			runOnlyForDeploymentPostprocessing = 0;
		};
/* End PBXFrameworksBuildPhase section */

/* Begin PBXGroup section */
		6CC0AF69243C92BE00A31751 = {
			isa = PBXGroup;
			children = (
				6CC0AF74243C92BE00A31751 /* FriendlyUnicorn */,
				6CC0AF73243C92BE00A31751 /* Products */,
				6CDDA934243CF981007C20C7 /* Frameworks */,
			);
			indentWidth = 2;
			sourceTree = "<group>";
			tabWidth = 2;
		};
		6CC0AF73243C92BE00A31751 /* Products */ = {
			isa = PBXGroup;
			children = (
				6CC0AF72243C92BE00A31751 /* FriendlyUnicorn.app */,
			);
			name = Products;
			sourceTree = "<group>";
		};
		6CC0AF74243C92BE00A31751 /* FriendlyUnicorn */ = {
			isa = PBXGroup;
			children = (
				6CDDA931243CF8F5007C20C7 /* Common */,
				6CDDA930243CF8EF007C20C7 /* Service */,
				6CDDA92F243CF8DA007C20C7 /* Assets */,
				6CDDA92E243CF8AA007C20C7 /* Application */,
				6CC0AF79243C92BE00A31751 /* MasterViewController.swift */,
				6CC0AF7B243C92BE00A31751 /* DetailViewController.swift */,
				6CC0AF85243C92BF00A31751 /* Info.plist */,
			);
			path = FriendlyUnicorn;
			sourceTree = "<group>";
		};
		6CDDA92E243CF8AA007C20C7 /* Application */ = {
			isa = PBXGroup;
			children = (
				6CC0AF82243C92BF00A31751 /* LaunchScreen.storyboard */,
				6CC0AF7D243C92BE00A31751 /* Main.storyboard */,
				6CC0AF77243C92BE00A31751 /* SceneDelegate.swift */,
				6CC0AF75243C92BE00A31751 /* AppDelegate.swift */,
			);
			path = Application;
			sourceTree = "<group>";
		};
		6CDDA92F243CF8DA007C20C7 /* Assets */ = {
			isa = PBXGroup;
			children = (
				6CC0AF80243C92BF00A31751 /* Assets.xcassets */,
			);
			path = Assets;
			sourceTree = "<group>";
		};
		6CDDA930243CF8EF007C20C7 /* Service */ = {
			isa = PBXGroup;
			children = (
				6CDDA960243D032D007C20C7 /* Model */,
				6CDDA959243CFDCE007C20C7 /* Class */,
				6CDDA932243CF921007C20C7 /* API.swift */,
				6CDDA957243CFD10007C20C7 /* ServiceManager.swift */,
			);
			path = Service;
			sourceTree = "<group>";
		};
		6CDDA931243CF8F5007C20C7 /* Common */ = {
			isa = PBXGroup;
			children = (
			);
			path = Common;
			sourceTree = "<group>";
		};
		6CDDA934243CF981007C20C7 /* Frameworks */ = {
			isa = PBXGroup;
			children = (
				6CDDA943243CFA23007C20C7 /* RxCocoa.framework */,
				6CDDA944243CFA23007C20C7 /* RxDataSources.framework */,
				6CDDA941243CFA23007C20C7 /* RxMoya.framework */,
				6CDDA947243CFA24007C20C7 /* RxNuke.framework */,
				6CDDA946243CFA24007C20C7 /* RxRelay.framework */,
				6CDDA942243CFA23007C20C7 /* RxSwift.framework */,
				6CDDA945243CFA24007C20C7 /* RxTest.framework */,
				6CDDA938243CF982007C20C7 /* RxCocoa.framework.dSYM */,
				6CDDA93A243CF982007C20C7 /* RxDataSources.framework.dSYM */,
				6CDDA937243CF981007C20C7 /* RxMoya.framework.dSYM */,
				6CDDA936243CF981007C20C7 /* RxNuke.framework.dSYM */,
				6CDDA939243CF982007C20C7 /* RxRelay.framework.dSYM */,
				6CDDA935243CF981007C20C7 /* RxSwift.framework.dSYM */,
			);
			name = Frameworks;
			sourceTree = "<group>";
		};
		6CDDA959243CFDCE007C20C7 /* Class */ = {
			isa = PBXGroup;
			children = (
				6CDDA95A243CFDDA007C20C7 /* APIResult.swift */,
				6CDDA95C243CFDF9007C20C7 /* APIError.swift */,
			);
			path = Class;
			sourceTree = "<group>";
		};
		6CDDA960243D032D007C20C7 /* Model */ = {
			isa = PBXGroup;
			children = (
				6CDDA961243D0375007C20C7 /* Movie.swift */,
			);
			path = Model;
			sourceTree = "<group>";
		};
/* End PBXGroup section */

/* Begin PBXNativeTarget section */
		6CC0AF71243C92BE00A31751 /* FriendlyUnicorn */ = {
			isa = PBXNativeTarget;
			buildConfigurationList = 6CC0AF88243C92BF00A31751 /* Build configuration list for PBXNativeTarget "FriendlyUnicorn" */;
			buildPhases = (
				6CC0AF6E243C92BE00A31751 /* Sources */,
				6CC0AF6F243C92BE00A31751 /* Frameworks */,
				6CC0AF70243C92BE00A31751 /* Resources */,
				6CDDA92D243CE2A8007C20C7 /* Natalie */,
				6CDDA92C243CE0D6007C20C7 /* Carthage */,
			);
			buildRules = (
			);
			dependencies = (
			);
			name = FriendlyUnicorn;
			productName = FriendlyUnicorn;
			productReference = 6CC0AF72243C92BE00A31751 /* FriendlyUnicorn.app */;
			productType = "com.apple.product-type.application";
		};
/* End PBXNativeTarget section */

/* Begin PBXProject section */
		6CC0AF6A243C92BE00A31751 /* Project object */ = {
			isa = PBXProject;
			attributes = {
				LastSwiftUpdateCheck = 1140;
				LastUpgradeCheck = 1140;
				ORGANIZATIONNAME = "Alexis Jr. Banaag";
				TargetAttributes = {
					6CC0AF71243C92BE00A31751 = {
						CreatedOnToolsVersion = 11.4;
					};
				};
			};
			buildConfigurationList = 6CC0AF6D243C92BE00A31751 /* Build configuration list for PBXProject "FriendlyUnicorn" */;
			compatibilityVersion = "Xcode 9.3";
			developmentRegion = en;
			hasScannedForEncodings = 0;
			knownRegions = (
				en,
				Base,
			);
			mainGroup = 6CC0AF69243C92BE00A31751;
			productRefGroup = 6CC0AF73243C92BE00A31751 /* Products */;
			projectDirPath = "";
			projectRoot = "";
			targets = (
				6CC0AF71243C92BE00A31751 /* FriendlyUnicorn */,
			);
		};
/* End PBXProject section */

/* Begin PBXResourcesBuildPhase section */
		6CC0AF70243C92BE00A31751 /* Resources */ = {
			isa = PBXResourcesBuildPhase;
			buildActionMask = 2147483647;
			files = (
				6CC0AF84243C92BF00A31751 /* LaunchScreen.storyboard in Resources */,
				6CC0AF81243C92BF00A31751 /* Assets.xcassets in Resources */,
				6CC0AF7F243C92BE00A31751 /* Main.storyboard in Resources */,
			);
			runOnlyForDeploymentPostprocessing = 0;
		};
/* End PBXResourcesBuildPhase section */

/* Begin PBXShellScriptBuildPhase section */
		6CDDA92C243CE0D6007C20C7 /* Carthage */ = {
			isa = PBXShellScriptBuildPhase;
			buildActionMask = 2147483647;
			files = (
			);
			inputFileListPaths = (
			);
			inputPaths = (
				"$(SRCROOT)/Carthage/Build/iOS/RxSwift.framework",
				"$(SRCROOT)/Carthage/Build/iOS/RxCocoa.framework",
				"$(SRCROOT)/Carthage/Build/iOS/RxRelay.framework",
				"$(SRCROOT)/Carthage/Build/iOS/RxDataSources.framework",
				"$(SRCROOT)/Carthage/Build/iOS/RxMoya.framework",
				"$(SRCROOT)/Carthage/Build/iOS/Moya.framework",
				"$(SRCROOT)/Carthage/Build/iOS/Alamofire.framework",
				"$(SRCROOT)/Carthage/Build/iOS/RxNuke.framework",
				"$(SRCROOT)/Carthage/Build/iOS/Nuke.framework",
			);
			name = Carthage;
			outputFileListPaths = (
			);
			outputPaths = (
				"$(BUILT_PRODUCTS_DIR)/$(FRAMEWORKS_FOLDER_PATH)/RxSwift.framework",
				"$(BUILT_PRODUCTS_DIR)/$(FRAMEWORKS_FOLDER_PATH)/RxCocoa.framework",
				"$(BUILT_PRODUCTS_DIR)/$(FRAMEWORKS_FOLDER_PATH)/RxRelay.framework",
				"$(BUILT_PRODUCTS_DIR)/$(FRAMEWORKS_FOLDER_PATH)/RxDataSources.framework",
				"$(BUILT_PRODUCTS_DIR)/$(FRAMEWORKS_FOLDER_PATH)/RxMoya.framework",
				"$(BUILT_PRODUCTS_DIR)/$(FRAMEWORKS_FOLDER_PATH)/Moya.framework",
				"$(BUILT_PRODUCTS_DIR/$(FRAMEWORKS_FOLDER_PATH/Alamofire.framework",
				"$(BUILT_PRODUCTS_DIR/$(FRAMEWORKS_FOLDER_PATH/RxNuke.framework",
				"$(BUILT_PRODUCTS_DIR/$(FRAMEWORKS_FOLDER_PATH/Nuke.framework",
			);
			runOnlyForDeploymentPostprocessing = 0;
			shellPath = /bin/sh;
			shellScript = "/usr/local/bin/carthage copy-frameworks\n";
		};
		6CDDA92D243CE2A8007C20C7 /* Natalie */ = {
			isa = PBXShellScriptBuildPhase;
			buildActionMask = 2147483647;
			files = (
			);
			inputFileListPaths = (
			);
			inputPaths = (
			);
			name = Natalie;
			outputFileListPaths = (
			);
			outputPaths = (
			);
			runOnlyForDeploymentPostprocessing = 0;
			shellPath = /bin/sh;
			shellScript = "echo \"Natalie Generator: Determining if generated Swift file is up-to-date.\"\n\n# Adjust path to \"natalie\" binary\n# NATALIE_PATH=\"$PROJECT_DIR/natalie\"\nNATALIE_PATH=\"/usr/local/bin/natalie\"\n\nif [ -f $NATALIE_PATH ]; then\n    BASE_PATH=\"$PROJECT_DIR/$PROJECT_NAME\"\n    OUTPUT_PATH=\"$BASE_PATH/Storyboards.swift\"\n\n    if [ ! -e \"$OUTPUT_PATH\" ] || [ -n \"$(find \"$BASE_PATH\" -type f -name \"*.storyboard\" -newer \"$OUTPUT_PATH\" -print -quit)\" ]; then\n        echo \"Natalie Generator: Generated Swift is out-of-date; re-generating...\"\n\n    // /usr/bin/chflags nouchg \"$OUTPUT_PATH\"\n    \"$NATALIE_PATH\" \"$BASE_PATH\" > \"$OUTPUT_PATH\"\n    // /usr/bin/chflags uchg \"$OUTPUT_PATH\"\n\n        echo \"Natalie Generator: Done.\"\n    else\n        echo \"Natalie Generator: Generated Swift is up-to-date; skipping re-generation.\"\n    fi\nfi\n\n";
		};
/* End PBXShellScriptBuildPhase section */

/* Begin PBXSourcesBuildPhase section */
		6CC0AF6E243C92BE00A31751 /* Sources */ = {
			isa = PBXSourcesBuildPhase;
			buildActionMask = 2147483647;
			files = (
				6CC0AF76243C92BE00A31751 /* AppDelegate.swift in Sources */,
				6CC0AF78243C92BE00A31751 /* SceneDelegate.swift in Sources */,
				6CDDA962243D0375007C20C7 /* Movie.swift in Sources */,
				6CC0AF7A243C92BE00A31751 /* MasterViewController.swift in Sources */,
				6CC0AF7C243C92BE00A31751 /* DetailViewController.swift in Sources */,
				6CDDA933243CF921007C20C7 /* API.swift in Sources */,
				6CDDA95D243CFDF9007C20C7 /* APIError.swift in Sources */,
				6CDDA95B243CFDDA007C20C7 /* APIResult.swift in Sources */,
				6CDDA958243CFD10007C20C7 /* ServiceManager.swift in Sources */,
			);
			runOnlyForDeploymentPostprocessing = 0;
		};
/* End PBXSourcesBuildPhase section */

/* Begin PBXVariantGroup section */
		6CC0AF7D243C92BE00A31751 /* Main.storyboard */ = {
			isa = PBXVariantGroup;
			children = (
				6CC0AF7E243C92BE00A31751 /* Base */,
			);
			name = Main.storyboard;
			sourceTree = "<group>";
		};
		6CC0AF82243C92BF00A31751 /* LaunchScreen.storyboard */ = {
			isa = PBXVariantGroup;
			children = (
				6CC0AF83243C92BF00A31751 /* Base */,
			);
			name = LaunchScreen.storyboard;
			sourceTree = "<group>";
		};
/* End PBXVariantGroup section */

/* Begin XCBuildConfiguration section */
		6CC0AF86243C92BF00A31751 /* Debug */ = {
			isa = XCBuildConfiguration;
			buildSettings = {
				ALWAYS_SEARCH_USER_PATHS = NO;
				CLANG_ANALYZER_NONNULL = YES;
				CLANG_ANALYZER_NUMBER_OBJECT_CONVERSION = YES_AGGRESSIVE;
				CLANG_CXX_LANGUAGE_STANDARD = "gnu++14";
				CLANG_CXX_LIBRARY = "libc++";
				CLANG_ENABLE_MODULES = YES;
				CLANG_ENABLE_OBJC_ARC = YES;
				CLANG_ENABLE_OBJC_WEAK = YES;
				CLANG_WARN_BLOCK_CAPTURE_AUTORELEASING = YES;
				CLANG_WARN_BOOL_CONVERSION = YES;
				CLANG_WARN_COMMA = YES;
				CLANG_WARN_CONSTANT_CONVERSION = YES;
				CLANG_WARN_DEPRECATED_OBJC_IMPLEMENTATIONS = YES;
				CLANG_WARN_DIRECT_OBJC_ISA_USAGE = YES_ERROR;
				CLANG_WARN_DOCUMENTATION_COMMENTS = YES;
				CLANG_WARN_EMPTY_BODY = YES;
				CLANG_WARN_ENUM_CONVERSION = YES;
				CLANG_WARN_INFINITE_RECURSION = YES;
				CLANG_WARN_INT_CONVERSION = YES;
				CLANG_WARN_NON_LITERAL_NULL_CONVERSION = YES;
				CLANG_WARN_OBJC_IMPLICIT_RETAIN_SELF = YES;
				CLANG_WARN_OBJC_LITERAL_CONVERSION = YES;
				CLANG_WARN_OBJC_ROOT_CLASS = YES_ERROR;
				CLANG_WARN_RANGE_LOOP_ANALYSIS = YES;
				CLANG_WARN_STRICT_PROTOTYPES = YES;
				CLANG_WARN_SUSPICIOUS_MOVE = YES;
				CLANG_WARN_UNGUARDED_AVAILABILITY = YES_AGGRESSIVE;
				CLANG_WARN_UNREACHABLE_CODE = YES;
				CLANG_WARN__DUPLICATE_METHOD_MATCH = YES;
				COPY_PHASE_STRIP = NO;
				DEBUG_INFORMATION_FORMAT = dwarf;
				ENABLE_STRICT_OBJC_MSGSEND = YES;
				ENABLE_TESTABILITY = YES;
				GCC_C_LANGUAGE_STANDARD = gnu11;
				GCC_DYNAMIC_NO_PIC = NO;
				GCC_NO_COMMON_BLOCKS = YES;
				GCC_OPTIMIZATION_LEVEL = 0;
				GCC_PREPROCESSOR_DEFINITIONS = (
					"DEBUG=1",
					"$(inherited)",
				);
				GCC_WARN_64_TO_32_BIT_CONVERSION = YES;
				GCC_WARN_ABOUT_RETURN_TYPE = YES_ERROR;
				GCC_WARN_UNDECLARED_SELECTOR = YES;
				GCC_WARN_UNINITIALIZED_AUTOS = YES_AGGRESSIVE;
				GCC_WARN_UNUSED_FUNCTION = YES;
				GCC_WARN_UNUSED_VARIABLE = YES;
				IPHONEOS_DEPLOYMENT_TARGET = 13.4;
				MTL_ENABLE_DEBUG_INFO = INCLUDE_SOURCE;
				MTL_FAST_MATH = YES;
				ONLY_ACTIVE_ARCH = YES;
				SDKROOT = iphoneos;
				SWIFT_ACTIVE_COMPILATION_CONDITIONS = DEBUG;
				SWIFT_OPTIMIZATION_LEVEL = "-Onone";
			};
			name = Debug;
		};
		6CC0AF87243C92BF00A31751 /* Release */ = {
			isa = XCBuildConfiguration;
			buildSettings = {
				ALWAYS_SEARCH_USER_PATHS = NO;
				CLANG_ANALYZER_NONNULL = YES;
				CLANG_ANALYZER_NUMBER_OBJECT_CONVERSION = YES_AGGRESSIVE;
				CLANG_CXX_LANGUAGE_STANDARD = "gnu++14";
				CLANG_CXX_LIBRARY = "libc++";
				CLANG_ENABLE_MODULES = YES;
				CLANG_ENABLE_OBJC_ARC = YES;
				CLANG_ENABLE_OBJC_WEAK = YES;
				CLANG_WARN_BLOCK_CAPTURE_AUTORELEASING = YES;
				CLANG_WARN_BOOL_CONVERSION = YES;
				CLANG_WARN_COMMA = YES;
				CLANG_WARN_CONSTANT_CONVERSION = YES;
				CLANG_WARN_DEPRECATED_OBJC_IMPLEMENTATIONS = YES;
				CLANG_WARN_DIRECT_OBJC_ISA_USAGE = YES_ERROR;
				CLANG_WARN_DOCUMENTATION_COMMENTS = YES;
				CLANG_WARN_EMPTY_BODY = YES;
				CLANG_WARN_ENUM_CONVERSION = YES;
				CLANG_WARN_INFINITE_RECURSION = YES;
				CLANG_WARN_INT_CONVERSION = YES;
				CLANG_WARN_NON_LITERAL_NULL_CONVERSION = YES;
				CLANG_WARN_OBJC_IMPLICIT_RETAIN_SELF = YES;
				CLANG_WARN_OBJC_LITERAL_CONVERSION = YES;
				CLANG_WARN_OBJC_ROOT_CLASS = YES_ERROR;
				CLANG_WARN_RANGE_LOOP_ANALYSIS = YES;
				CLANG_WARN_STRICT_PROTOTYPES = YES;
				CLANG_WARN_SUSPICIOUS_MOVE = YES;
				CLANG_WARN_UNGUARDED_AVAILABILITY = YES_AGGRESSIVE;
				CLANG_WARN_UNREACHABLE_CODE = YES;
				CLANG_WARN__DUPLICATE_METHOD_MATCH = YES;
				COPY_PHASE_STRIP = NO;
				DEBUG_INFORMATION_FORMAT = "dwarf-with-dsym";
				ENABLE_NS_ASSERTIONS = NO;
				ENABLE_STRICT_OBJC_MSGSEND = YES;
				GCC_C_LANGUAGE_STANDARD = gnu11;
				GCC_NO_COMMON_BLOCKS = YES;
				GCC_WARN_64_TO_32_BIT_CONVERSION = YES;
				GCC_WARN_ABOUT_RETURN_TYPE = YES_ERROR;
				GCC_WARN_UNDECLARED_SELECTOR = YES;
				GCC_WARN_UNINITIALIZED_AUTOS = YES_AGGRESSIVE;
				GCC_WARN_UNUSED_FUNCTION = YES;
				GCC_WARN_UNUSED_VARIABLE = YES;
				IPHONEOS_DEPLOYMENT_TARGET = 13.4;
				MTL_ENABLE_DEBUG_INFO = NO;
				MTL_FAST_MATH = YES;
				SDKROOT = iphoneos;
				SWIFT_COMPILATION_MODE = wholemodule;
				SWIFT_OPTIMIZATION_LEVEL = "-O";
				VALIDATE_PRODUCT = YES;
			};
			name = Release;
		};
		6CC0AF89243C92BF00A31751 /* Debug */ = {
			isa = XCBuildConfiguration;
			buildSettings = {
				ASSETCATALOG_COMPILER_APPICON_NAME = AppIcon;
				CODE_SIGN_STYLE = Automatic;
				DEVELOPMENT_TEAM = 6U7L8Z8AWJ;
				FRAMEWORK_SEARCH_PATHS = (
					"$(inherited)",
					"$(PROJECT_DIR)/Carthage/Build/iOS",
				);
				INFOPLIST_FILE = FriendlyUnicorn/Info.plist;
				LD_RUNPATH_SEARCH_PATHS = (
					"$(inherited)",
					"@executable_path/Frameworks",
				);
				PRODUCT_BUNDLE_IDENTIFIER = aab.FriendlyUnicorn;
				PRODUCT_NAME = "$(TARGET_NAME)";
				SWIFT_VERSION = 5.0;
				TARGETED_DEVICE_FAMILY = "1,2";
			};
			name = Debug;
		};
		6CC0AF8A243C92BF00A31751 /* Release */ = {
			isa = XCBuildConfiguration;
			buildSettings = {
				ASSETCATALOG_COMPILER_APPICON_NAME = AppIcon;
				CODE_SIGN_STYLE = Automatic;
				DEVELOPMENT_TEAM = 6U7L8Z8AWJ;
				FRAMEWORK_SEARCH_PATHS = (
					"$(inherited)",
					"$(PROJECT_DIR)/Carthage/Build/iOS",
				);
				INFOPLIST_FILE = FriendlyUnicorn/Info.plist;
				LD_RUNPATH_SEARCH_PATHS = (
					"$(inherited)",
					"@executable_path/Frameworks",
				);
				PRODUCT_BUNDLE_IDENTIFIER = aab.FriendlyUnicorn;
				PRODUCT_NAME = "$(TARGET_NAME)";
				SWIFT_VERSION = 5.0;
				TARGETED_DEVICE_FAMILY = "1,2";
			};
			name = Release;
		};
/* End XCBuildConfiguration section */

/* Begin XCConfigurationList section */
		6CC0AF6D243C92BE00A31751 /* Build configuration list for PBXProject "FriendlyUnicorn" */ = {
			isa = XCConfigurationList;
			buildConfigurations = (
				6CC0AF86243C92BF00A31751 /* Debug */,
				6CC0AF87243C92BF00A31751 /* Release */,
			);
			defaultConfigurationIsVisible = 0;
			defaultConfigurationName = Release;
		};
		6CC0AF88243C92BF00A31751 /* Build configuration list for PBXNativeTarget "FriendlyUnicorn" */ = {
			isa = XCConfigurationList;
			buildConfigurations = (
				6CC0AF89243C92BF00A31751 /* Debug */,
				6CC0AF8A243C92BF00A31751 /* Release */,
			);
			defaultConfigurationIsVisible = 0;
			defaultConfigurationName = Release;
		};
/* End XCConfigurationList section */
	};
	rootObject = 6CC0AF6A243C92BE00A31751 /* Project object */;
}
